# Generated by conda-lock.
# platform: win-64
# input_hash: 08acf3c6eb8e814618ddcc9939eb958324152e2e00a179b495e48418273ad3e1

channels:
  - conda-forge
  - nodefaults
dependencies:
  - _libavif_api=1.3.0=h57928b3_2
  - _openmp_mutex=4.5=2_gnu
  - alabaster=1.0.0=pyhd8ed1ab_1
  - annotated-types=0.7.0=pyhd8ed1ab_1
  - aom=3.9.1=he0c23c2_0
  - astroid=4.0.2=py311h1ea47a8_0
  - babel=2.17.0=pyhd8ed1ab_0
  - blosc=1.21.6=hfd34d9b_1
  - brotli-python=1.2.0=py311h69b5583_0
  - bzip2=1.0.8=h0ad9c76_8
  - c-blosc2=2.22.0=h3cf07e4_0
  - ca-certificates=2025.10.5=h4c7d964_0
  - cached-property=1.5.2=hd8ed1ab_1
  - cached_property=1.5.2=pyha770c72_1
  - certifi=2025.10.5=pyhd8ed1ab_0
  - cffi=2.0.0=py311h3485c13_1
  - charls=2.4.2=h1537add_0
  - charset-normalizer=3.4.4=pyhd8ed1ab_0
  - colorama=0.4.6=pyhd8ed1ab_1
  - coverage=7.11.3=py311h3f79411_0
  - dav1d=1.2.1=hcfcfb64_0
  - dill=0.4.0=pyhd8ed1ab_0
  - docutils=0.21.2=pyhd8ed1ab_1
  - exceptiongroup=1.3.0=pyhd8ed1ab_0
  - freetype=2.14.1=h57928b3_0
  - giflib=5.2.2=h64bf75a_0
  - h2=4.3.0=pyhcf101f3_0
  - h5py=3.15.1=nompi_py311hc40ba4b_100
  - hdf5=1.14.6=nompi_he30205f_103
  - hpack=4.1.0=pyhd8ed1ab_0
  - hyperframe=6.1.0=pyhd8ed1ab_0
  - idna=3.11=pyhd8ed1ab_0
  - imagecodecs=2025.8.2=py311haf4ede9_7
  - imageio=2.37.0=pyhfb79c49_0
  - imagesize=1.4.1=pyhd8ed1ab_0
  - importlib-metadata=8.7.0=pyhe01879c_1
  - iniconfig=2.3.0=pyhd8ed1ab_0
  - isort=7.0.0=pyhd8ed1ab_0
  - jinja2=3.1.6=pyhd8ed1ab_0
  - jxrlib=1.1=hcfcfb64_3
  - krb5=1.21.3=hdf4eb48_0
  - lazy-loader=0.4=pyhd8ed1ab_2
  - lcms2=2.17=hbcf6048_0
  - lerc=4.0.0=h6470a55_1
  - libaec=1.1.4=h20038f6_0
  - libavif16=1.3.0=he916da2_2
  - libblas=3.9.0=38_hf2e6a31_mkl
  - libbrotlicommon=1.2.0=hc82b238_0
  - libbrotlidec=1.2.0=h431afc6_0
  - libbrotlienc=1.2.0=ha521d6b_0
  - libcblas=3.9.0=38_h2a3cdd5_mkl
  - libcurl=8.17.0=h43ecb02_0
  - libdeflate=1.25=h51727cc_0
  - libexpat=2.7.1=hac47afa_0
  - libffi=3.5.2=h52bdfb6_0
  - libfreetype=2.14.1=h57928b3_0
  - libfreetype6=2.14.1=hdbac1cb_0
  - libgcc=15.2.0=h1383e82_7
  - libgomp=15.2.0=h1383e82_7
  - libhwloc=2.12.1=default_h64bd3f2_1002
  - libhwy=1.3.0=ha71e874_1
  - libiconv=1.18=hc1393d2_2
  - libjpeg-turbo=3.1.2=hfd05255_0
  - libjxl=0.11.1=hac9b6f3_5
  - liblapack=3.9.0=38_hf9ab0e9_mkl
  - liblzma=5.8.1=h2466b09_2
  - libpng=1.6.50=h7351971_1
  - libsqlite=3.51.0=hf5d6505_0
  - libssh2=1.11.1=h9aa295b_0
  - libtiff=4.7.1=h8f73337_1
  - libwebp-base=1.6.0=h4d5522a_0
  - libwinpthread=12.0.0.r4.gg4f2fc60ca=h57928b3_10
  - libxcb=1.17.0=h0e4246c_0
  - libxml2=2.15.1=h5d26750_0
  - libxml2-16=2.15.1=h692994f_0
  - libzlib=1.3.1=h2466b09_2
  - libzopfli=1.0.3=h0e60522_0
  - llvm-openmp=21.1.5=hfa2b4ca_0
  - lz4-c=1.10.0=h2466b09_1
  - markupsafe=3.0.3=py311h3f79411_0
  - mccabe=0.7.0=pyhd8ed1ab_1
  - mkl=2025.3.0=hac47afa_454
  - networkx=3.5=pyhe01879c_0
  - numpy=1.26.4=py311h0b4df5a_0
  - openjpeg=2.5.4=h24db6dd_0
  - openssl=3.5.4=h725018a_0
  - packaging=25.0=pyh29332c3_1
  - pillow=10.3.0=py311h5592be9_1
  - pip=25.3=pyh8b19718_0
  - platformdirs=4.5.0=pyhcf101f3_0
  - pluggy=1.6.0=pyhd8ed1ab_0
  - pthread-stubs=0.4=h0e40799_1002
  - pycparser=2.22=pyh29332c3_1
  - pydantic=2.12.4=pyh3cfb1c2_0
  - pydantic-core=2.41.5=py311hf51aa87_0
  - pygments=2.19.2=pyhd8ed1ab_0
  - pylint=4.0.2=pyhcf101f3_0
  - pysocks=1.7.1=pyh09c184e_7
  - pytest=9.0.0=pyhcf101f3_0
  - pytest-cov=7.0.0=pyhcf101f3_1
  - python=3.11.14=h0159041_2_cpython
  - python_abi=3.11=8_cp311
  - pytz=2025.2=pyhd8ed1ab_0
  - pywavelets=1.9.0=py311h17033d2_2
  - pyyaml=6.0.3=py311h3f79411_0
  - rav1e=0.7.1=ha073cba_3
  - requests=2.32.5=pyhd8ed1ab_0
  - roman-numerals-py=3.1.0=pyhd8ed1ab_0
  - scikit-image=0.25.2=py311h11fd7f3_2
  - scipy=1.14.1=py311hf16d85f_2
  - setuptools=80.9.0=pyhff2d567_0
  - snappy=1.2.2=h7fa0ca8_0
  - snowballstemmer=3.0.1=pyhd8ed1ab_0
  - sphinx=8.2.3=pyhd8ed1ab_0
  - sphinx-autodoc-typehints=3.5.2=pyhd8ed1ab_0
  - sphinx-rtd-theme=3.0.2=hd8ed1ab_0
  - sphinx_rtd_theme=3.0.2=pyha770c72_0
  - sphinxcontrib-applehelp=2.0.0=pyhd8ed1ab_1
  - sphinxcontrib-devhelp=2.0.0=pyhd8ed1ab_1
  - sphinxcontrib-htmlhelp=2.1.0=pyhd8ed1ab_1
  - sphinxcontrib-jquery=4.1=pyhd8ed1ab_1
  - sphinxcontrib-jsmath=1.0.1=pyhd8ed1ab_1
  - sphinxcontrib-qthelp=2.0.0=pyhd8ed1ab_1
  - sphinxcontrib-serializinghtml=1.1.10=pyhd8ed1ab_1
  - svt-av1=3.1.2=hac47afa_0
  - tbb=2022.3.0=hd094cb3_1
  - tifffile=2025.10.16=pyhd8ed1ab_0
  - tk=8.6.13=h2c6b04d_2
  - tomli=2.3.0=pyhcf101f3_0
  - tomlkit=0.13.3=pyha770c72_0
  - tqdm=4.67.1=pyhd8ed1ab_1
  - typing-extensions=4.15.0=h396c80c_0
  - typing-inspection=0.4.2=pyhd8ed1ab_0
  - typing_extensions=4.15.0=pyhcf101f3_0
  - tzdata=2025b=h78e105d_0
  - ucrt=10.0.26100.0=h57928b3_0
  - urllib3=2.5.0=pyhd8ed1ab_0
  - vc=14.3=h2b53caa_32
  - vc14_runtime=14.44.35208=h818238b_32
  - vcomp14=14.44.35208=h818238b_32
  - vs2015_runtime=14.44.35208=h38c0c73_32
  - wheel=0.45.1=pyhd8ed1ab_1
  - win_inet_pton=1.1.0=pyh7428d3b_8
  - xorg-libxau=1.0.12=h0e40799_0
  - xorg-libxdmcp=1.1.5=h0e40799_0
  - yaml=0.2.5=h6a83c73_3
  - zfp=1.0.1=h2f0f97f_3
  - zipp=3.23.0=pyhd8ed1ab_0
  - zlib-ng=2.2.5=h32d8bfd_0
  - zstandard=0.25.0=py311hf893f09_1
  - zstd=1.5.7=hbeecb71_2
  - pip:
    - geoapps-utils @ git+https://github.com/MiraGeoscience/geoapps-utils.git@80c46588d47b70a1dd26aef06ccfa24bc1585502
    - geoh5py @ git+https://github.com/MiraGeoscience/geoh5py.git@8f630a84b2b9f2b7632f895e1521d8d61c04e80e

variables:
  KMP_WARNINGS: 0
