# Generated by conda-lock.
# platform: win-64
# input_hash: f7f32bda1333f72440bfc1dfa40dc3f3e15d29564330b69a50e6a676db44da4c

channels:
  - conda-forge
  - nodefaults
dependencies:
  - _libavif_api=1.3.0=h57928b3_0
  - _openmp_mutex=4.5=2_gnu
  - annotated-types=0.7.0=pyhd8ed1ab_1
  - aom=3.9.1=he0c23c2_0
  - blosc=1.21.6=hfd34d9b_1
  - bzip2=1.0.8=h2466b09_7
  - c-blosc2=2.19.0=h3cf07e4_0
  - ca-certificates=2025.7.9=h4c7d964_0
  - cached-property=1.5.2=hd8ed1ab_1
  - cached_property=1.5.2=pyha770c72_1
  - charls=2.4.2=h1537add_0
  - colorama=0.4.6=pyhd8ed1ab_1
  - dav1d=1.2.1=hcfcfb64_0
  - freetype=2.13.3=h57928b3_1
  - giflib=5.2.2=h64bf75a_0
  - h5py=3.14.0=nompi_py311h97e6cc2_100
  - hdf5=1.14.6=nompi_he30205f_102
  - imagecodecs=2025.3.30=py311h6bb12c6_2
  - imageio=2.37.0=pyhfb79c49_0
  - importlib-metadata=8.7.0=pyhe01879c_1
  - intel-openmp=2024.2.1=h57928b3_1083
  - jxrlib=1.1=hcfcfb64_3
  - krb5=1.21.3=hdf4eb48_0
  - lazy-loader=0.4=pyhd8ed1ab_2
  - lazy_loader=0.4=pyhd8ed1ab_2
  - lcms2=2.17=hbcf6048_0
  - lerc=4.0.0=h6470a55_1
  - libaec=1.1.4=h20038f6_0
  - libavif16=1.3.0=hf2698fe_0
  - libblas=3.9.0=32_h641d27c_mkl
  - libbrotlicommon=1.1.0=h2466b09_3
  - libbrotlidec=1.1.0=h2466b09_3
  - libbrotlienc=1.1.0=h2466b09_3
  - libcblas=3.9.0=32_h5e41251_mkl
  - libcurl=8.14.1=h88aaa65_0
  - libdeflate=1.24=h76ddb4d_0
  - libexpat=2.7.0=he0c23c2_0
  - libffi=3.4.6=h537db12_1
  - libfreetype=2.13.3=h57928b3_1
  - libfreetype6=2.13.3=h0b5ce68_1
  - libgcc=15.1.0=h1383e82_3
  - libgomp=15.1.0=h1383e82_3
  - libhwloc=2.11.2=default_ha69328c_1001
  - libhwy=1.2.0=h1d1702c_0
  - libiconv=1.18=h135ad9c_1
  - libjpeg-turbo=3.1.0=h2466b09_0
  - libjxl=0.11.1=ha161b08_2
  - liblapack=3.9.0=32_h1aa476e_mkl
  - liblzma=5.8.1=h2466b09_2
  - libpng=1.6.50=h95bef1e_0
  - libsqlite=3.50.2=hf5d6505_2
  - libssh2=1.11.1=h9aa295b_0
  - libtiff=4.7.0=h05922d8_5
  - libwebp-base=1.6.0=h4d5522a_0
  - libwinpthread=12.0.0.r4.gg4f2fc60ca=h57928b3_9
  - libxcb=1.17.0=h0e4246c_0
  - libxml2=2.13.8=h442d1da_0
  - libzlib=1.3.1=h2466b09_2
  - libzopfli=1.0.3=h0e60522_0
  - lz4-c=1.10.0=h2466b09_1
  - mkl=2024.2.2=h66d3029_15
  - networkx=3.5=pyhe01879c_0
  - numpy=1.26.4=py311h0b4df5a_0
  - openjpeg=2.5.3=h4d64b90_0
  - openssl=3.5.1=h725018a_0
  - packaging=25.0=pyh29332c3_1
  - pillow=10.3.0=py311h5592be9_1
  - pip=25.1.1=pyh8b19718_0
  - pthread-stubs=0.4=h0e40799_1002
  - pydantic=2.11.7=pyh3cfb1c2_0
  - pydantic-core=2.33.2=py311hc4022dc_0
  - python=3.11.13=h3f84c4b_0_cpython
  - python_abi=3.11=7_cp311
  - pywavelets=1.8.0=py311h0a17f05_0
  - rav1e=0.7.1=ha073cba_3
  - scikit-image=0.24.0=py311hcf9f919_3
  - scipy=1.14.1=py311hf16d85f_2
  - setuptools=80.9.0=pyhff2d567_0
  - snappy=1.2.1=h500f7fa_1
  - svt-av1=3.0.2=he0c23c2_0
  - tbb=2021.13.0=h62715c5_1
  - tifffile=2025.6.11=pyhd8ed1ab_0
  - tk=8.6.13=h2c6b04d_2
  - tqdm=4.67.1=pyhd8ed1ab_1
  - typing-extensions=4.14.1=h4440ef1_0
  - typing-inspection=0.4.1=pyhd8ed1ab_0
  - typing_extensions=4.14.1=pyhe01879c_0
  - tzdata=2025b=h78e105d_0
  - ucrt=10.0.22621.0=h57928b3_1
  - vc=14.3=h41ae7f8_26
  - vc14_runtime=14.44.35208=h818238b_26
  - vs2015_runtime=14.44.35208=h38c0c73_26
  - wheel=0.45.1=pyhd8ed1ab_1
  - xorg-libxau=1.0.12=h0e40799_0
  - xorg-libxdmcp=1.1.5=h0e40799_0
  - zfp=1.0.1=he0c23c2_2
  - zipp=3.23.0=pyhd8ed1ab_0
  - zlib-ng=2.2.4=hbb528cf_0
  - zstd=1.5.7=hbeecb71_2
  - pip:
    - geoapps-utils @ git+https://github.com/MiraGeoscience/geoapps-utils.git@c64e2db54bfdacc19ef675a7d54288aaad8b78a8
    - geoh5py @ git+https://github.com/MiraGeoscience/geoh5py.git@87f68c3a25cb3fac2a4c9de8c0d74ec4e58d0963

variables:
  KMP_WARNINGS: 0
