# Generated by conda-lock.
# platform: linux-64
# input_hash: 2531de99ebeb49a0f0206e777348f7e8b1032b431a986aaae1bbe2281078a210

channels:
  - conda-forge
  - nodefaults
dependencies:
  - _libgcc_mutex=0.1=conda_forge
  - _openmp_mutex=4.5=2_gnu
  - annotated-types=0.7.0=pyhd8ed1ab_1
  - aom=3.9.1=hac33072_0
  - blosc=1.21.6=he440d0b_1
  - brotli=1.1.0=hb9d3cd8_3
  - brotli-bin=1.1.0=hb9d3cd8_3
  - brunsli=0.1=h9c3ff4c_0
  - bzip2=1.0.8=h4bc722e_7
  - c-ares=1.34.5=hb9d3cd8_0
  - c-blosc2=2.19.0=h3122c55_0
  - ca-certificates=2025.7.9=hbd8a1cb_0
  - cached-property=1.5.2=hd8ed1ab_1
  - cached_property=1.5.2=pyha770c72_1
  - charls=2.4.2=h59595ed_0
  - colorama=0.4.6=pyhd8ed1ab_1
  - dav1d=1.2.1=hd590300_0
  - freetype=2.13.3=ha770c72_1
  - giflib=5.2.2=hd590300_0
  - h5py=3.14.0=nompi_py311h7f87ba5_100
  - hdf5=1.14.6=nompi_h6e4c0c1_102
  - icu=75.1=he02047a_0
  - imagecodecs=2025.3.30=py311h2861051_2
  - imageio=2.37.0=pyhfb79c49_0
  - importlib-metadata=8.7.0=pyhe01879c_1
  - jxrlib=1.1=hd590300_3
  - keyutils=1.6.1=h166bdaf_0
  - krb5=1.21.3=h659f571_0
  - lazy-loader=0.4=pyhd8ed1ab_2
  - lazy_loader=0.4=pyhd8ed1ab_2
  - lcms2=2.17=h717163a_0
  - ld_impl_linux-64=2.44=h1423503_1
  - lerc=4.0.0=h0aef613_1
  - libaec=1.1.4=h3f801dc_0
  - libavif16=1.3.0=h766b0b6_0
  - libblas=3.9.0=32_h59b9bed_openblas
  - libbrotlicommon=1.1.0=hb9d3cd8_3
  - libbrotlidec=1.1.0=hb9d3cd8_3
  - libbrotlienc=1.1.0=hb9d3cd8_3
  - libcblas=3.9.0=32_he106b2a_openblas
  - libcurl=8.14.1=h332b0f4_0
  - libdeflate=1.24=h86f0d12_0
  - libedit=3.1.20250104=pl5321h7949ede_0
  - libev=4.33=hd590300_2
  - libexpat=2.7.0=h5888daf_0
  - libffi=3.4.6=h2dba641_1
  - libfreetype=2.13.3=ha770c72_1
  - libfreetype6=2.13.3=h48d6fc4_1
  - libgcc=15.1.0=h767d61c_3
  - libgcc-ng=15.1.0=h69a702a_3
  - libgfortran=15.1.0=h69a702a_3
  - libgfortran5=15.1.0=hcea5267_3
  - libgomp=15.1.0=h767d61c_3
  - libhwy=1.2.0=hf40a0c7_0
  - libjpeg-turbo=3.1.0=hb9d3cd8_0
  - libjxl=0.11.1=h7b0646d_2
  - liblapack=3.9.0=32_h7ac8fdf_openblas
  - liblzma=5.8.1=hb9d3cd8_2
  - libnghttp2=1.64.0=h161d5f1_0
  - libnsl=2.0.1=hb9d3cd8_1
  - libopenblas=0.3.30=pthreads_h94d23a6_0
  - libpng=1.6.50=h943b412_0
  - libsqlite=3.50.2=hee844dc_2
  - libssh2=1.11.1=hcf80075_0
  - libstdcxx=15.1.0=h8f9b012_3
  - libstdcxx-ng=15.1.0=h4852527_3
  - libtiff=4.7.0=hf01ce69_5
  - libuuid=2.38.1=h0b41bf4_0
  - libwebp-base=1.6.0=hd42ef1d_0
  - libxcb=1.17.0=h8a09558_0
  - libxcrypt=4.4.36=hd590300_1
  - libzlib=1.3.1=hb9d3cd8_2
  - libzopfli=1.0.3=h9c3ff4c_0
  - lz4-c=1.10.0=h5888daf_1
  - ncurses=6.5=h2d0b736_3
  - networkx=3.5=pyhe01879c_0
  - numpy=1.26.4=py311h64a7726_0
  - openjpeg=2.5.3=h5fbd93e_0
  - openssl=3.5.1=h7b32b05_0
  - packaging=25.0=pyh29332c3_1
  - pillow=10.3.0=py311h82a398c_1
  - pip=25.1.1=pyh8b19718_0
  - pthread-stubs=0.4=hb9d3cd8_1002
  - pydantic=2.11.7=pyh3cfb1c2_0
  - pydantic-core=2.33.2=py311hdae7d1d_0
  - python=3.11.13=h9e4cc4f_0_cpython
  - python_abi=3.11=7_cp311
  - pywavelets=1.8.0=py311h9f3472d_0
  - rav1e=0.7.1=h8fae777_3
  - readline=8.2=h8c095d6_2
  - scikit-image=0.24.0=py311h7db5c69_3
  - scipy=1.14.1=py311he9a78e4_2
  - setuptools=80.9.0=pyhff2d567_0
  - snappy=1.2.1=h8bd8927_1
  - svt-av1=3.0.2=h5888daf_0
  - tifffile=2025.6.11=pyhd8ed1ab_0
  - tk=8.6.13=noxft_hd72426e_102
  - tqdm=4.67.1=pyhd8ed1ab_1
  - typing-extensions=4.14.1=h4440ef1_0
  - typing-inspection=0.4.1=pyhd8ed1ab_0
  - typing_extensions=4.14.1=pyhe01879c_0
  - tzdata=2025b=h78e105d_0
  - wheel=0.45.1=pyhd8ed1ab_1
  - xorg-libxau=1.0.12=hb9d3cd8_0
  - xorg-libxdmcp=1.1.5=hb9d3cd8_0
  - zfp=1.0.1=h5888daf_2
  - zipp=3.23.0=pyhd8ed1ab_0
  - zlib-ng=2.2.4=h7955e40_0
  - zstd=1.5.7=hb8e6e7a_2
  - pip:
    - geoapps-utils @ git+https://github.com/MiraGeoscience/geoapps-utils.git@c64e2db54bfdacc19ef675a7d54288aaad8b78a8
    - geoh5py @ git+https://github.com/MiraGeoscience/geoh5py.git@87f68c3a25cb3fac2a4c9de8c0d74ec4e58d0963

variables:
  KMP_WARNINGS: 0
